
Microsoft Visual Studio Solution File, Format Version 12.00
# Visual Studio Version 17
VisualStudioVersion = 17.9.34616.47
MinimumVisualStudioVersion = 10.0.40219.1
Project("{2150E333-8FDC-42A3-9474-1A3956D46DE8}") = "src", "src", "{8CE1A2FF-2AF6-4275-89D3-CC834DC785A9}"
EndProject
Project("{2150E333-8FDC-42A3-9474-1A3956D46DE8}") = "tests", "tests", "{7E93688E-5917-491E-A9A9-E600BB947559}"
EndProject
Project("{9A19103F-16F7-4668-BE54-9A1E7A4F7556}") = "CashFlow.Api", "src\CashFlow.Api\CashFlow.Api.csproj", "{39EEE165-9E7A-4989-8FDA-EADF0C0ED3D3}"
EndProject
Project("{9A19103F-16F7-4668-BE54-9A1E7A4F7556}") = "CashFlow.Communication", "src\CashFlow.Communication\CashFlow.Communication.csproj", "{750133B4-6354-4160-864C-E8C75C1B143C}"
EndProject
Project("{9A19103F-16F7-4668-BE54-9A1E7A4F7556}") = "Validatores.Tests", "tests\Validatores.Tests\Validatores.Tests.csproj", "{573FBFB1-1CF3-4799-B98B-C47A8738D32F}"
EndProject
Project("{9A19103F-16F7-4668-BE54-9A1E7A4F7556}") = "CommonTestUtilities", "tests\CommonTestUtilities\CommonTestUtilities.csproj", "{DEDA1E8F-46C9-4E4E-9EE6-4D6485870712}"
EndProject
Project("{9A19103F-16F7-4668-BE54-9A1E7A4F7556}") = "CashFlow.Domain", "src\CashFlow.Domain\CashFlow.Domain.csproj", "{2E354E2E-3146-46BC-8AD0-4584798E276B}"
EndProject
Project("{9A19103F-16F7-4668-BE54-9A1E7A4F7556}") = "CashFlow.Exception", "src\CashFlow.Exception\CashFlow.Exception.csproj", "{3694FFA3-CFC9-4809-9AC5-047CA34AFC21}"
EndProject
Project("{9A19103F-16F7-4668-BE54-9A1E7A4F7556}") = "CashFlow.Infrastructure", "src\CashFlow.Infrastructure\CashFlow.Infrastructure.csproj", "{F5E726A5-ABE1-416D-85C9-70C72A9A2F2D}"
EndProject
Project("{9A19103F-16F7-4668-BE54-9A1E7A4F7556}") = "CashFlow.Application", "src\CashFlow.Application\CashFlow.Application.csproj", "{3867DEAE-1F5F-4733-A168-F374A7948C25}"
EndProject
Global
	GlobalSection(SolutionConfigurationPlatforms) = preSolution
		Debug|Any CPU = Debug|Any CPU
		Release|Any CPU = Release|Any CPU
	EndGlobalSection
	GlobalSection(ProjectConfigurationPlatforms) = postSolution
		{39EEE165-9E7A-4989-8FDA-EADF0C0ED3D3}.Debug|Any CPU.ActiveCfg = Debug|Any CPU
		{39EEE165-9E7A-4989-8FDA-EADF0C0ED3D3}.Debug|Any CPU.Build.0 = Debug|Any CPU
		{39EEE165-9E7A-4989-8FDA-EADF0C0ED3D3}.Release|Any CPU.ActiveCfg = Release|Any CPU
		{39EEE165-9E7A-4989-8FDA-EADF0C0ED3D3}.Release|Any CPU.Build.0 = Release|Any CPU
		{750133B4-6354-4160-864C-E8C75C1B143C}.Debug|Any CPU.ActiveCfg = Debug|Any CPU
		{750133B4-6354-4160-864C-E8C75C1B143C}.Debug|Any CPU.Build.0 = Debug|Any CPU
		{750133B4-6354-4160-864C-E8C75C1B143C}.Release|Any CPU.ActiveCfg = Release|Any CPU
		{750133B4-6354-4160-864C-E8C75C1B143C}.Release|Any CPU.Build.0 = Release|Any CPU
		{573FBFB1-1CF3-4799-B98B-C47A8738D32F}.Debug|Any CPU.ActiveCfg = Debug|Any CPU
		{573FBFB1-1CF3-4799-B98B-C47A8738D32F}.Debug|Any CPU.Build.0 = Debug|Any CPU
		{573FBFB1-1CF3-4799-B98B-C47A8738D32F}.Release|Any CPU.ActiveCfg = Release|Any CPU
		{573FBFB1-1CF3-4799-B98B-C47A8738D32F}.Release|Any CPU.Build.0 = Release|Any CPU
		{DEDA1E8F-46C9-4E4E-9EE6-4D6485870712}.Debug|Any CPU.ActiveCfg = Debug|Any CPU
		{DEDA1E8F-46C9-4E4E-9EE6-4D6485870712}.Debug|Any CPU.Build.0 = Debug|Any CPU
		{DEDA1E8F-46C9-4E4E-9EE6-4D6485870712}.Release|Any CPU.ActiveCfg = Release|Any CPU
		{DEDA1E8F-46C9-4E4E-9EE6-4D6485870712}.Release|Any CPU.Build.0 = Release|Any CPU
		{2E354E2E-3146-46BC-8AD0-4584798E276B}.Debug|Any CPU.ActiveCfg = Debug|Any CPU
		{2E354E2E-3146-46BC-8AD0-4584798E276B}.Debug|Any CPU.Build.0 = Debug|Any CPU
		{2E354E2E-3146-46BC-8AD0-4584798E276B}.Release|Any CPU.ActiveCfg = Release|Any CPU
		{2E354E2E-3146-46BC-8AD0-4584798E276B}.Release|Any CPU.Build.0 = Release|Any CPU
		{3694FFA3-CFC9-4809-9AC5-047CA34AFC21}.Debug|Any CPU.ActiveCfg = Debug|Any CPU
		{3694FFA3-CFC9-4809-9AC5-047CA34AFC21}.Debug|Any CPU.Build.0 = Debug|Any CPU
		{3694FFA3-CFC9-4809-9AC5-047CA34AFC21}.Release|Any CPU.ActiveCfg = Release|Any CPU
		{3694FFA3-CFC9-4809-9AC5-047CA34AFC21}.Release|Any CPU.Build.0 = Release|Any CPU
		{F5E726A5-ABE1-416D-85C9-70C72A9A2F2D}.Debug|Any CPU.ActiveCfg = Debug|Any CPU
		{F5E726A5-ABE1-416D-85C9-70C72A9A2F2D}.Debug|Any CPU.Build.0 = Debug|Any CPU
		{F5E726A5-ABE1-416D-85C9-70C72A9A2F2D}.Release|Any CPU.ActiveCfg = Release|Any CPU
		{F5E726A5-ABE1-416D-85C9-70C72A9A2F2D}.Release|Any CPU.Build.0 = Release|Any CPU
		{3867DEAE-1F5F-4733-A168-F374A7948C25}.Debug|Any CPU.ActiveCfg = Debug|Any CPU
		{3867DEAE-1F5F-4733-A168-F374A7948C25}.Debug|Any CPU.Build.0 = Debug|Any CPU
		{3867DEAE-1F5F-4733-A168-F374A7948C25}.Release|Any CPU.ActiveCfg = Release|Any CPU
		{3867DEAE-1F5F-4733-A168-F374A7948C25}.Release|Any CPU.Build.0 = Release|Any CPU
	EndGlobalSection
	GlobalSection(SolutionProperties) = preSolution
		HideSolutionNode = FALSE
	EndGlobalSection
	GlobalSection(NestedProjects) = preSolution
		{39EEE165-9E7A-4989-8FDA-EADF0C0ED3D3} = {8CE1A2FF-2AF6-4275-89D3-CC834DC785A9}
		{750133B4-6354-4160-864C-E8C75C1B143C} = {8CE1A2FF-2AF6-4275-89D3-CC834DC785A9}
		{573FBFB1-1CF3-4799-B98B-C47A8738D32F} = {7E93688E-5917-491E-A9A9-E600BB947559}
		{DEDA1E8F-46C9-4E4E-9EE6-4D6485870712} = {7E93688E-5917-491E-A9A9-E600BB947559}
		{2E354E2E-3146-46BC-8AD0-4584798E276B} = {8CE1A2FF-2AF6-4275-89D3-CC834DC785A9}
		{3694FFA3-CFC9-4809-9AC5-047CA34AFC21} = {8CE1A2FF-2AF6-4275-89D3-CC834DC785A9}
		{F5E726A5-ABE1-416D-85C9-70C72A9A2F2D} = {8CE1A2FF-2AF6-4275-89D3-CC834DC785A9}
		{3867DEAE-1F5F-4733-A168-F374A7948C25} = {8CE1A2FF-2AF6-4275-89D3-CC834DC785A9}
	EndGlobalSection
	GlobalSection(ExtensibilityGlobals) = postSolution
		SolutionGuid = {44A3A14F-D747-4089-BCF5-15AF38AB1976}
	EndGlobalSection
EndGlobal
